{
    "hash": "c013e37602c9d9e2f119b25d9885a333",
    "packages": [
        {
            "package": "guzzle/guzzle",
            "version": "v2.7.2"
        },
        {
            "package": "symfony/event-dispatcher",
            "version": "v2.1.1"
        }
    ],
    "packages-dev": null,
    "aliases": [

    ],
    "minimum-stability": "stable",
    "stability-flags": [

    ]
}
